Microsoft Visual Studio Solution File, Format Version 12.00
# Visual Studio Version 17
VisualStudioVersion = 17.5.2.0
MinimumVisualStudioVersion = 10.0.40219.1
Project("{FAE04EC0-301F-11D3-BF4B-00C04F79EFBC}") = "CreateMail", "CreateMail.csproj", "{63009916-264B-4F78-B229-6D01277F6170}"
EndProject
Global
	GlobalSection(SolutionConfigurationPlatforms) = preSolution
		Debug|Any CPU = Debug|Any CPU
		Release|Any CPU = Release|Any CPU
	EndGlobalSection
	GlobalSection(ProjectConfigurationPlatforms) = postSolution
		{63009916-264B-4F78-B229-6D01277F6170}.Debug|Any CPU.ActiveCfg = Debug|Any CPU
		{63009916-264B-4F78-B229-6D01277F6170}.Debug|Any CPU.Build.0 = Debug|Any CPU
		{63009916-264B-4F78-B229-6D01277F6170}.Release|Any CPU.ActiveCfg = Release|Any CPU
		{63009916-264B-4F78-B229-6D01277F6170}.Release|Any CPU.Build.0 = Release|Any CPU
	EndGlobalSection
	GlobalSection(SolutionProperties) = preSolution
		HideSolutionNode = FALSE
	EndGlobalSection
	GlobalSection(ExtensibilityGlobals) = postSolution
		SolutionGuid = {7173F423-0DD5-442D-859A-AD6617B7BE45}
	EndGlobalSection
EndGlobal
